
Microsoft Visual Studio Solution File, Format Version 11.00
# Visual Studio 2010
Project("{FAE04EC0-301F-11D3-BF4B-00C04F79EFBC}") = "2d Rogue", "Assembly-CSharp.csproj", "{611EEBB4-8BAA-57EF-517B-347609F7DE40}"
EndProject
Project("{FAE04EC0-301F-11D3-BF4B-00C04F79EFBC}") = "2d Rogue", "Assembly-CSharp-Editor.csproj", "{8AD8CF65-5CAB-11EF-BE37-F5ABBA08561E}"
EndProject
Global
	GlobalSection(SolutionConfigurationPlatforms) = preSolution
		Debug|Any CPU = Debug|Any CPU
		Release|Any CPU = Release|Any CPU
	EndGlobalSection
	GlobalSection(ProjectConfigurationPlatforms) = postSolution
		{611EEBB4-8BAA-57EF-517B-347609F7DE40}.Debug|Any CPU.ActiveCfg = Debug|Any CPU
		{611EEBB4-8BAA-57EF-517B-347609F7DE40}.Debug|Any CPU.Build.0 = Debug|Any CPU
		{611EEBB4-8BAA-57EF-517B-347609F7DE40}.Release|Any CPU.ActiveCfg = Release|Any CPU
		{611EEBB4-8BAA-57EF-517B-347609F7DE40}.Release|Any CPU.Build.0 = Release|Any CPU
		{8AD8CF65-5CAB-11EF-BE37-F5ABBA08561E}.Debug|Any CPU.ActiveCfg = Debug|Any CPU
		{8AD8CF65-5CAB-11EF-BE37-F5ABBA08561E}.Debug|Any CPU.Build.0 = Debug|Any CPU
		{8AD8CF65-5CAB-11EF-BE37-F5ABBA08561E}.Release|Any CPU.ActiveCfg = Release|Any CPU
		{8AD8CF65-5CAB-11EF-BE37-F5ABBA08561E}.Release|Any CPU.Build.0 = Release|Any CPU
	EndGlobalSection
	GlobalSection(SolutionProperties) = preSolution
		HideSolutionNode = FALSE
	EndGlobalSection
	GlobalSection(MonoDevelopProperties) = preSolution
		StartupItem = Assembly-CSharp.csproj
	EndGlobalSection
EndGlobal
